// !$*UTF8*$!
{
	archiveVersion = 1;
	classes = {
	};
	objectVersion = 48;
	objects = {

/* Begin PBXBuildFile section */
		203B8702206A12CF00897EEA /* haarcascade_frontalface_alt_tree.xml in Resources */ = {isa = PBXBuildFile; fileRef = 203B86FD206A12CF00897EEA /* haarcascade_frontalface_alt_tree.xml */; };
		2041325420614AAC00E0B6E8 /* AppDelegate.swift in Sources */ = {isa = PBXBuildFile; fileRef = 2041325320614AAC00E0B6E8 /* AppDelegate.swift */; };
		2041325620614AAC00E0B6E8 /* ViewController.swift in Sources */ = {isa = PBXBuildFile; fileRef = 2041325520614AAC00E0B6E8 /* ViewController.swift */; };
		2041325920614AAC00E0B6E8 /* Main.storyboard in Resources */ = {isa = PBXBuildFile; fileRef = 2041325720614AAC00E0B6E8 /* Main.storyboard */; };
		2041325B20614AAC00E0B6E8 /* Assets.xcassets in Resources */ = {isa = PBXBuildFile; fileRef = 2041325A20614AAC00E0B6E8 /* Assets.xcassets */; };
		2041325E20614AAC00E0B6E8 /* LaunchScreen.storyboard in Resources */ = {isa = PBXBuildFile; fileRef = 2041325C20614AAC00E0B6E8 /* LaunchScreen.storyboard */; };
		2041326920614AAC00E0B6E8 /* FacifyTests.swift in Sources */ = {isa = PBXBuildFile; fileRef = 2041326820614AAC00E0B6E8 /* FacifyTests.swift */; };
		2041327420614AAC00E0B6E8 /* FacifyUITests.swift in Sources */ = {isa = PBXBuildFile; fileRef = 2041327320614AAC00E0B6E8 /* FacifyUITests.swift */; };
		208B3FAC206288DE00D274D8 /* CameraView.swift in Sources */ = {isa = PBXBuildFile; fileRef = 208B3FAB206288DE00D274D8 /* CameraView.swift */; };
		208B3FB120628F8600D274D8 /* CVWrapper.mm in Sources */ = {isa = PBXBuildFile; fileRef = 208B3FB020628F8600D274D8 /* CVWrapper.mm */; };
		20C37C06206AA4A900DC113B /* UIColor+Theme.swift in Sources */ = {isa = PBXBuildFile; fileRef = 20C37C05206AA4A900DC113B /* UIColor+Theme.swift */; };
		20C37C08206AAC6900DC113B /* acknowledgements.html in Resources */ = {isa = PBXBuildFile; fileRef = 20C37C07206AAC6900DC113B /* acknowledgements.html */; };
		20C37C0B206B448B00DC113B /* InfoViewController.swift in Sources */ = {isa = PBXBuildFile; fileRef = 20C37C0A206B448B00DC113B /* InfoViewController.swift */; };
		2B0FB2F074FE2984F3BEF96F /* Pods_FacifyTests.framework in Frameworks */ = {isa = PBXBuildFile; fileRef = B9920C3E383028FF3E6F54A9 /* Pods_FacifyTests.framework */; };
		8748BEF99ED2B6A7C6E59D72 /* Pods_FacifyUITests.framework in Frameworks */ = {isa = PBXBuildFile; fileRef = BEA06FFAB2FCAF825E790EFE /* Pods_FacifyUITests.framework */; };
		B82120C3ADF08F2644981E23 /* Pods_Facify.framework in Frameworks */ = {isa = PBXBuildFile; fileRef = ED3A8540C112BBD7C50A327E /* Pods_Facify.framework */; };
/* End PBXBuildFile section */

/* Begin PBXContainerItemProxy section */
		2041326520614AAC00E0B6E8 /* PBXContainerItemProxy */ = {
			isa = PBXContainerItemProxy;
			containerPortal = 2041324820614AAB00E0B6E8 /* Project object */;
			proxyType = 1;
			remoteGlobalIDString = 2041324F20614AAB00E0B6E8;
			remoteInfo = Facify;
		};
		2041327020614AAC00E0B6E8 /* PBXContainerItemProxy */ = {
			isa = PBXContainerItemProxy;
			containerPortal = 2041324820614AAB00E0B6E8 /* Project object */;
			proxyType = 1;
			remoteGlobalIDString = 2041324F20614AAB00E0B6E8;
			remoteInfo = Facify;
		};
/* End PBXContainerItemProxy section */

/* Begin PBXFileReference section */
		15DC1878DA7425492009731C /* Pods-Facify.release.xcconfig */ = {isa = PBXFileReference; includeInIndex = 1; lastKnownFileType = text.xcconfig; name = "Pods-Facify.release.xcconfig"; path = "Pods/Target Support Files/Pods-Facify/Pods-Facify.release.xcconfig"; sourceTree = "<group>"; };
		203B86FD206A12CF00897EEA /* haarcascade_frontalface_alt_tree.xml */ = {isa = PBXFileReference; fileEncoding = 4; lastKnownFileType = text.xml; path = haarcascade_frontalface_alt_tree.xml; sourceTree = "<group>"; };
		2041325020614AAB00E0B6E8 /* Facify.app */ = {isa = PBXFileReference; explicitFileType = wrapper.application; includeInIndex = 0; path = Facify.app; sourceTree = BUILT_PRODUCTS_DIR; };
		2041325320614AAC00E0B6E8 /* AppDelegate.swift */ = {isa = PBXFileReference; lastKnownFileType = sourcecode.swift; path = AppDelegate.swift; sourceTree = "<group>"; };
		2041325520614AAC00E0B6E8 /* ViewController.swift */ = {isa = PBXFileReference; lastKnownFileType = sourcecode.swift; path = ViewController.swift; sourceTree = "<group>"; };
		2041325820614AAC00E0B6E8 /* Base */ = {isa = PBXFileReference; lastKnownFileType = file.storyboard; name = Base; path = Base.lproj/Main.storyboard; sourceTree = "<group>"; };
		2041325A20614AAC00E0B6E8 /* Assets.xcassets */ = {isa = PBXFileReference; lastKnownFileType = folder.assetcatalog; path = Assets.xcassets; sourceTree = "<group>"; };
		2041325D20614AAC00E0B6E8 /* Base */ = {isa = PBXFileReference; lastKnownFileType = file.storyboard; name = Base; path = Base.lproj/LaunchScreen.storyboard; sourceTree = "<group>"; };
		2041325F20614AAC00E0B6E8 /* Info.plist */ = {isa = PBXFileReference; lastKnownFileType = text.plist.xml; path = Info.plist; sourceTree = "<group>"; };
		2041326420614AAC00E0B6E8 /* FacifyTests.xctest */ = {isa = PBXFileReference; explicitFileType = wrapper.cfbundle; includeInIndex = 0; path = FacifyTests.xctest; sourceTree = BUILT_PRODUCTS_DIR; };
		2041326820614AAC00E0B6E8 /* FacifyTests.swift */ = {isa = PBXFileReference; lastKnownFileType = sourcecode.swift; path = FacifyTests.swift; sourceTree = "<group>"; };
		2041326A20614AAC00E0B6E8 /* Info.plist */ = {isa = PBXFileReference; lastKnownFileType = text.plist.xml; path = Info.plist; sourceTree = "<group>"; };
		2041326F20614AAC00E0B6E8 /* FacifyUITests.xctest */ = {isa = PBXFileReference; explicitFileType = wrapper.cfbundle; includeInIndex = 0; path = FacifyUITests.xctest; sourceTree = BUILT_PRODUCTS_DIR; };
		2041327320614AAC00E0B6E8 /* FacifyUITests.swift */ = {isa = PBXFileReference; lastKnownFileType = sourcecode.swift; path = FacifyUITests.swift; sourceTree = "<group>"; };
		2041327520614AAC00E0B6E8 /* Info.plist */ = {isa = PBXFileReference; lastKnownFileType = text.plist.xml; path = Info.plist; sourceTree = "<group>"; };
		208B3FAB206288DE00D274D8 /* CameraView.swift */ = {isa = PBXFileReference; lastKnownFileType = sourcecode.swift; path = CameraView.swift; sourceTree = "<group>"; };
		208B3FAE20628F8500D274D8 /* Facify-Bridging-Header.h */ = {isa = PBXFileReference; lastKnownFileType = sourcecode.c.h; path = "Facify-Bridging-Header.h"; sourceTree = "<group>"; };
		208B3FAF20628F8600D274D8 /* CVWrapper.h */ = {isa = PBXFileReference; lastKnownFileType = sourcecode.c.h; path = CVWrapper.h; sourceTree = "<group>"; };
		208B3FB020628F8600D274D8 /* CVWrapper.mm */ = {isa = PBXFileReference; lastKnownFileType = sourcecode.cpp.objcpp; path = CVWrapper.mm; sourceTree = "<group>"; };
		20C37C05206AA4A900DC113B /* UIColor+Theme.swift */ = {isa = PBXFileReference; lastKnownFileType = sourcecode.swift; path = "UIColor+Theme.swift"; sourceTree = "<group>"; };
		20C37C07206AAC6900DC113B /* acknowledgements.html */ = {isa = PBXFileReference; fileEncoding = 4; lastKnownFileType = text.html; path = acknowledgements.html; sourceTree = "<group>"; };
		20C37C0A206B448B00DC113B /* InfoViewController.swift */ = {isa = PBXFileReference; lastKnownFileType = sourcecode.swift; path = InfoViewController.swift; sourceTree = "<group>"; };
		36064C2F7D1CE1EEF180CF9A /* Pods-FacifyUITests.debug.xcconfig */ = {isa = PBXFileReference; includeInIndex = 1; lastKnownFileType = text.xcconfig; name = "Pods-FacifyUITests.debug.xcconfig"; path = "Pods/Target Support Files/Pods-FacifyUITests/Pods-FacifyUITests.debug.xcconfig"; sourceTree = "<group>"; };
		4C48DD74D35864730D3E1911 /* Pods-FacifyTests.release.xcconfig */ = {isa = PBXFileReference; includeInIndex = 1; lastKnownFileType = text.xcconfig; name = "Pods-FacifyTests.release.xcconfig"; path = "Pods/Target Support Files/Pods-FacifyTests/Pods-FacifyTests.release.xcconfig"; sourceTree = "<group>"; };
		66F59D39BB52A336CB969DE9 /* Pods-FacifyTests.debug.xcconfig */ = {isa = PBXFileReference; includeInIndex = 1; lastKnownFileType = text.xcconfig; name = "Pods-FacifyTests.debug.xcconfig"; path = "Pods/Target Support Files/Pods-FacifyTests/Pods-FacifyTests.debug.xcconfig"; sourceTree = "<group>"; };
		9D391EC461E1773E08316751 /* Pods-FacifyUITests.release.xcconfig */ = {isa = PBXFileReference; includeInIndex = 1; lastKnownFileType = text.xcconfig; name = "Pods-FacifyUITests.release.xcconfig"; path = "Pods/Target Support Files/Pods-FacifyUITests/Pods-FacifyUITests.release.xcconfig"; sourceTree = "<group>"; };
		B9920C3E383028FF3E6F54A9 /* Pods_FacifyTests.framework */ = {isa = PBXFileReference; explicitFileType = wrapper.framework; includeInIndex = 0; path = Pods_FacifyTests.framework; sourceTree = BUILT_PRODUCTS_DIR; };
		BEA06FFAB2FCAF825E790EFE /* Pods_FacifyUITests.framework */ = {isa = PBXFileReference; explicitFileType = wrapper.framework; includeInIndex = 0; path = Pods_FacifyUITests.framework; sourceTree = BUILT_PRODUCTS_DIR; };
		E029B1849C96B7D8AF15B222 /* Pods-Facify.debug.xcconfig */ = {isa = PBXFileReference; includeInIndex = 1; lastKnownFileType = text.xcconfig; name = "Pods-Facify.debug.xcconfig"; path = "Pods/Target Support Files/Pods-Facify/Pods-Facify.debug.xcconfig"; sourceTree = "<group>"; };
		ED3A8540C112BBD7C50A327E /* Pods_Facify.framework */ = {isa = PBXFileReference; explicitFileType = wrapper.framework; includeInIndex = 0; path = Pods_Facify.framework; sourceTree = BUILT_PRODUCTS_DIR; };
/* End PBXFileReference section */

/* Begin PBXFrameworksBuildPhase section */
		2041324D20614AAB00E0B6E8 /* Frameworks */ = {
			isa = PBXFrameworksBuildPhase;
			buildActionMask = 2147483647;
			files = (
				B82120C3ADF08F2644981E23 /* Pods_Facify.framework in Frameworks */,
			);
			runOnlyForDeploymentPostprocessing = 0;
		};
		2041326120614AAC00E0B6E8 /* Frameworks */ = {
			isa = PBXFrameworksBuildPhase;
			buildActionMask = 2147483647;
			files = (
				2B0FB2F074FE2984F3BEF96F /* Pods_FacifyTests.framework in Frameworks */,
			);
			runOnlyForDeploymentPostprocessing = 0;
		};
		2041326C20614AAC00E0B6E8 /* Frameworks */ = {
			isa = PBXFrameworksBuildPhase;
			buildActionMask = 2147483647;
			files = (
				8748BEF99ED2B6A7C6E59D72 /* Pods_FacifyUITests.framework in Frameworks */,
			);
			runOnlyForDeploymentPostprocessing = 0;
		};
/* End PBXFrameworksBuildPhase section */

/* Begin PBXGroup section */
		2041324720614AAB00E0B6E8 = {
			isa = PBXGroup;
			children = (
				2041325220614AAB00E0B6E8 /* Facify */,
				2041326720614AAC00E0B6E8 /* FacifyTests */,
				2041327220614AAC00E0B6E8 /* FacifyUITests */,
				2041325120614AAB00E0B6E8 /* Products */,
				52D6D696D2946EAD75611F4F /* Pods */,
				52768B4F7F2B346C0F431EF9 /* Frameworks */,
			);
			sourceTree = "<group>";
		};
		2041325120614AAB00E0B6E8 /* Products */ = {
			isa = PBXGroup;
			children = (
				2041325020614AAB00E0B6E8 /* Facify.app */,
				2041326420614AAC00E0B6E8 /* FacifyTests.xctest */,
				2041326F20614AAC00E0B6E8 /* FacifyUITests.xctest */,
			);
			name = Products;
			sourceTree = "<group>";
		};
		2041325220614AAB00E0B6E8 /* Facify */ = {
			isa = PBXGroup;
			children = (
				20C37C09206B445400DC113B /* ViewControllers */,
				20C37C04206AA47500DC113B /* Extensions */,
				208B3FAD20628F5E00D274D8 /* Detection */,
				208B3FAA206288CB00D274D8 /* view */,
				2041325320614AAC00E0B6E8 /* AppDelegate.swift */,
				2041325720614AAC00E0B6E8 /* Main.storyboard */,
				2041325A20614AAC00E0B6E8 /* Assets.xcassets */,
				2041325C20614AAC00E0B6E8 /* LaunchScreen.storyboard */,
				20C37C07206AAC6900DC113B /* acknowledgements.html */,
				2041325F20614AAC00E0B6E8 /* Info.plist */,
			);
			path = Facify;
			sourceTree = "<group>";
		};
		2041326720614AAC00E0B6E8 /* FacifyTests */ = {
			isa = PBXGroup;
			children = (
				2041326820614AAC00E0B6E8 /* FacifyTests.swift */,
				2041326A20614AAC00E0B6E8 /* Info.plist */,
			);
			path = FacifyTests;
			sourceTree = "<group>";
		};
		2041327220614AAC00E0B6E8 /* FacifyUITests */ = {
			isa = PBXGroup;
			children = (
				2041327320614AAC00E0B6E8 /* FacifyUITests.swift */,
				2041327520614AAC00E0B6E8 /* Info.plist */,
			);
			path = FacifyUITests;
			sourceTree = "<group>";
		};
		208B3FAA206288CB00D274D8 /* view */ = {
			isa = PBXGroup;
			children = (
				208B3FAB206288DE00D274D8 /* CameraView.swift */,
			);
			path = view;
			sourceTree = "<group>";
		};
		208B3FAD20628F5E00D274D8 /* Detection */ = {
			isa = PBXGroup;
			children = (
				203B86FD206A12CF00897EEA /* haarcascade_frontalface_alt_tree.xml */,
				208B3FAF20628F8600D274D8 /* CVWrapper.h */,
				208B3FB020628F8600D274D8 /* CVWrapper.mm */,
				208B3FAE20628F8500D274D8 /* Facify-Bridging-Header.h */,
			);
			path = Detection;
			sourceTree = "<group>";
		};
		20C37C04206AA47500DC113B /* Extensions */ = {
			isa = PBXGroup;
			children = (
				20C37C05206AA4A900DC113B /* UIColor+Theme.swift */,
			);
			path = Extensions;
			sourceTree = "<group>";
		};
		20C37C09206B445400DC113B /* ViewControllers */ = {
			isa = PBXGroup;
			children = (
				2041325520614AAC00E0B6E8 /* ViewController.swift */,
				20C37C0A206B448B00DC113B /* InfoViewController.swift */,
			);
			path = ViewControllers;
			sourceTree = "<group>";
		};
		52768B4F7F2B346C0F431EF9 /* Frameworks */ = {
			isa = PBXGroup;
			children = (
				ED3A8540C112BBD7C50A327E /* Pods_Facify.framework */,
				B9920C3E383028FF3E6F54A9 /* Pods_FacifyTests.framework */,
				BEA06FFAB2FCAF825E790EFE /* Pods_FacifyUITests.framework */,
			);
			name = Frameworks;
			sourceTree = "<group>";
		};
		52D6D696D2946EAD75611F4F /* Pods */ = {
			isa = PBXGroup;
			children = (
				E029B1849C96B7D8AF15B222 /* Pods-Facify.debug.xcconfig */,
				15DC1878DA7425492009731C /* Pods-Facify.release.xcconfig */,
				66F59D39BB52A336CB969DE9 /* Pods-FacifyTests.debug.xcconfig */,
				4C48DD74D35864730D3E1911 /* Pods-FacifyTests.release.xcconfig */,
				36064C2F7D1CE1EEF180CF9A /* Pods-FacifyUITests.debug.xcconfig */,
				9D391EC461E1773E08316751 /* Pods-FacifyUITests.release.xcconfig */,
			);
			name = Pods;
			sourceTree = "<group>";
		};
/* End PBXGroup section */

/* Begin PBXNativeTarget section */
		2041324F20614AAB00E0B6E8 /* Facify */ = {
			isa = PBXNativeTarget;
			buildConfigurationList = 2041327820614AAC00E0B6E8 /* Build configuration list for PBXNativeTarget "Facify" */;
			buildPhases = (
				A9D827C0A103B07F9BAD8F4A /* [CP] Check Pods Manifest.lock */,
				2041324C20614AAB00E0B6E8 /* Sources */,
				2041324D20614AAB00E0B6E8 /* Frameworks */,
				2041324E20614AAB00E0B6E8 /* Resources */,
				F97E16738D12417393D56A3C /* [CP] Embed Pods Frameworks */,
				8B8ADA6921BF6FE46BA54522 /* [CP] Copy Pods Resources */,
			);
			buildRules = (
			);
			dependencies = (
			);
			name = Facify;
			productName = Facify;
			productReference = 2041325020614AAB00E0B6E8 /* Facify.app */;
			productType = "com.apple.product-type.application";
		};
		2041326320614AAC00E0B6E8 /* FacifyTests */ = {
			isa = PBXNativeTarget;
			buildConfigurationList = 2041327B20614AAC00E0B6E8 /* Build configuration list for PBXNativeTarget "FacifyTests" */;
			buildPhases = (
				8ED4E9B332E3F8910B7E8031 /* [CP] Check Pods Manifest.lock */,
				2041326020614AAC00E0B6E8 /* Sources */,
				2041326120614AAC00E0B6E8 /* Frameworks */,
				2041326220614AAC00E0B6E8 /* Resources */,
				B9E7B5D45014D0B16113C1F2 /* [CP] Embed Pods Frameworks */,
				8AE1EBCF02FF4F11EDFAD84C /* [CP] Copy Pods Resources */,
			);
			buildRules = (
			);
			dependencies = (
				2041326620614AAC00E0B6E8 /* PBXTargetDependency */,
			);
			name = FacifyTests;
			productName = FacifyTests;
			productReference = 2041326420614AAC00E0B6E8 /* FacifyTests.xctest */;
			productType = "com.apple.product-type.bundle.unit-test";
		};
		2041326E20614AAC00E0B6E8 /* FacifyUITests */ = {
			isa = PBXNativeTarget;
			buildConfigurationList = 2041327E20614AAC00E0B6E8 /* Build configuration list for PBXNativeTarget "FacifyUITests" */;
			buildPhases = (
				2EDE1BE8E8D798B574064699 /* [CP] Check Pods Manifest.lock */,
				2041326B20614AAC00E0B6E8 /* Sources */,
				2041326C20614AAC00E0B6E8 /* Frameworks */,
				2041326D20614AAC00E0B6E8 /* Resources */,
				EDBEC25E7BF1D11A44A0AFB1 /* [CP] Embed Pods Frameworks */,
				702FB8831F08CC5843A1592A /* [CP] Copy Pods Resources */,
			);
			buildRules = (
			);
			dependencies = (
				2041327120614AAC00E0B6E8 /* PBXTargetDependency */,
			);
			name = FacifyUITests;
			productName = FacifyUITests;
			productReference = 2041326F20614AAC00E0B6E8 /* FacifyUITests.xctest */;
			productType = "com.apple.product-type.bundle.ui-testing";
		};
/* End PBXNativeTarget section */

/* Begin PBXProject section */
		2041324820614AAB00E0B6E8 /* Project object */ = {
			isa = PBXProject;
			attributes = {
				LastSwiftUpdateCheck = 0920;
				LastUpgradeCheck = 0920;
				ORGANIZATIONNAME = Khurram;
				TargetAttributes = {
					2041324F20614AAB00E0B6E8 = {
						CreatedOnToolsVersion = 9.2;
						LastSwiftMigration = 0920;
						ProvisioningStyle = Automatic;
					};
					2041326320614AAC00E0B6E8 = {
						CreatedOnToolsVersion = 9.2;
						ProvisioningStyle = Automatic;
						TestTargetID = 2041324F20614AAB00E0B6E8;
					};
					2041326E20614AAC00E0B6E8 = {
						CreatedOnToolsVersion = 9.2;
						ProvisioningStyle = Automatic;
						TestTargetID = 2041324F20614AAB00E0B6E8;
					};
				};
			};
			buildConfigurationList = 2041324B20614AAB00E0B6E8 /* Build configuration list for PBXProject "Facify" */;
			compatibilityVersion = "Xcode 8.0";
			developmentRegion = en;
			hasScannedForEncodings = 0;
			knownRegions = (
				en,
				Base,
			);
			mainGroup = 2041324720614AAB00E0B6E8;
			productRefGroup = 2041325120614AAB00E0B6E8 /* Products */;
			projectDirPath = "";
			projectRoot = "";
			targets = (
				2041324F20614AAB00E0B6E8 /* Facify */,
				2041326320614AAC00E0B6E8 /* FacifyTests */,
				2041326E20614AAC00E0B6E8 /* FacifyUITests */,
			);
		};
/* End PBXProject section */

/* Begin PBXResourcesBuildPhase section */
		2041324E20614AAB00E0B6E8 /* Resources */ = {
			isa = PBXResourcesBuildPhase;
			buildActionMask = 2147483647;
			files = (
				203B8702206A12CF00897EEA /* haarcascade_frontalface_alt_tree.xml in Resources */,
				2041325E20614AAC00E0B6E8 /* LaunchScreen.storyboard in Resources */,
				2041325B20614AAC00E0B6E8 /* Assets.xcassets in Resources */,
				2041325920614AAC00E0B6E8 /* Main.storyboard in Resources */,
				20C37C08206AAC6900DC113B /* acknowledgements.html in Resources */,
			);
			runOnlyForDeploymentPostprocessing = 0;
		};
		2041326220614AAC00E0B6E8 /* Resources */ = {
			isa = PBXResourcesBuildPhase;
			buildActionMask = 2147483647;
			files = (
			);
			runOnlyForDeploymentPostprocessing = 0;
		};
		2041326D20614AAC00E0B6E8 /* Resources */ = {
			isa = PBXResourcesBuildPhase;
			buildActionMask = 2147483647;
			files = (
			);
			runOnlyForDeploymentPostprocessing = 0;
		};
/* End PBXResourcesBuildPhase section */

/* Begin PBXShellScriptBuildPhase section */
		2EDE1BE8E8D798B574064699 /* [CP] Check Pods Manifest.lock */ = {
			isa = PBXShellScriptBuildPhase;
			buildActionMask = 2147483647;
			files = (
			);
			inputPaths = (
			);
			name = "[CP] Check Pods Manifest.lock";
			outputPaths = (
			);
			runOnlyForDeploymentPostprocessing = 0;
			shellPath = /bin/sh;
			shellScript = "diff \"${PODS_PODFILE_DIR_PATH}/Podfile.lock\" \"${PODS_ROOT}/Manifest.lock\" > /dev/null\nif [ $? != 0 ] ; then\n    # print error to STDERR\n    echo \"error: The sandbox is not in sync with the Podfile.lock. Run 'pod install' or update your CocoaPods installation.\" >&2\n    exit 1\nfi\n";
			showEnvVarsInLog = 0;
		};
		702FB8831F08CC5843A1592A /* [CP] Copy Pods Resources */ = {
			isa = PBXShellScriptBuildPhase;
			buildActionMask = 2147483647;
			files = (
			);
			inputPaths = (
			);
			name = "[CP] Copy Pods Resources";
			outputPaths = (
			);
			runOnlyForDeploymentPostprocessing = 0;
			shellPath = /bin/sh;
			shellScript = "\"${SRCROOT}/Pods/Target Support Files/Pods-FacifyUITests/Pods-FacifyUITests-resources.sh\"\n";
			showEnvVarsInLog = 0;
		};
		8AE1EBCF02FF4F11EDFAD84C /* [CP] Copy Pods Resources */ = {
			isa = PBXShellScriptBuildPhase;
			buildActionMask = 2147483647;
			files = (
			);
			inputPaths = (
			);
			name = "[CP] Copy Pods Resources";
			outputPaths = (
			);
			runOnlyForDeploymentPostprocessing = 0;
			shellPath = /bin/sh;
			shellScript = "\"${SRCROOT}/Pods/Target Support Files/Pods-FacifyTests/Pods-FacifyTests-resources.sh\"\n";
			showEnvVarsInLog = 0;
		};
		8B8ADA6921BF6FE46BA54522 /* [CP] Copy Pods Resources */ = {
			isa = PBXShellScriptBuildPhase;
			buildActionMask = 2147483647;
			files = (
			);
			inputPaths = (
			);
			name = "[CP] Copy Pods Resources";
			outputPaths = (
			);
			runOnlyForDeploymentPostprocessing = 0;
			shellPath = /bin/sh;
			shellScript = "\"${SRCROOT}/Pods/Target Support Files/Pods-Facify/Pods-Facify-resources.sh\"\n";
			showEnvVarsInLog = 0;
		};
		8ED4E9B332E3F8910B7E8031 /* [CP] Check Pods Manifest.lock */ = {
			isa = PBXShellScriptBuildPhase;
			buildActionMask = 2147483647;
			files = (
			);
			inputPaths = (
			);
			name = "[CP] Check Pods Manifest.lock";
			outputPaths = (
			);
			runOnlyForDeploymentPostprocessing = 0;
			shellPath = /bin/sh;
			shellScript = "diff \"${PODS_PODFILE_DIR_PATH}/Podfile.lock\" \"${PODS_ROOT}/Manifest.lock\" > /dev/null\nif [ $? != 0 ] ; then\n    # print error to STDERR\n    echo \"error: The sandbox is not in sync with the Podfile.lock. Run 'pod install' or update your CocoaPods installation.\" >&2\n    exit 1\nfi\n";
			showEnvVarsInLog = 0;
		};
		A9D827C0A103B07F9BAD8F4A /* [CP] Check Pods Manifest.lock */ = {
			isa = PBXShellScriptBuildPhase;
			buildActionMask = 2147483647;
			files = (
			);
			inputPaths = (
			);
			name = "[CP] Check Pods Manifest.lock";
			outputPaths = (
			);
			runOnlyForDeploymentPostprocessing = 0;
			shellPath = /bin/sh;
			shellScript = "diff \"${PODS_PODFILE_DIR_PATH}/Podfile.lock\" \"${PODS_ROOT}/Manifest.lock\" > /dev/null\nif [ $? != 0 ] ; then\n    # print error to STDERR\n    echo \"error: The sandbox is not in sync with the Podfile.lock. Run 'pod install' or update your CocoaPods installation.\" >&2\n    exit 1\nfi\n";
			showEnvVarsInLog = 0;
		};
		B9E7B5D45014D0B16113C1F2 /* [CP] Embed Pods Frameworks */ = {
			isa = PBXShellScriptBuildPhase;
			buildActionMask = 2147483647;
			files = (
			);
			inputPaths = (
			);
			name = "[CP] Embed Pods Frameworks";
			outputPaths = (
			);
			runOnlyForDeploymentPostprocessing = 0;
			shellPath = /bin/sh;
			shellScript = "\"${SRCROOT}/Pods/Target Support Files/Pods-FacifyTests/Pods-FacifyTests-frameworks.sh\"\n";
			showEnvVarsInLog = 0;
		};
		EDBEC25E7BF1D11A44A0AFB1 /* [CP] Embed Pods Frameworks */ = {
			isa = PBXShellScriptBuildPhase;
			buildActionMask = 2147483647;
			files = (
			);
			inputPaths = (
			);
			name = "[CP] Embed Pods Frameworks";
			outputPaths = (
			);
			runOnlyForDeploymentPostprocessing = 0;
			shellPath = /bin/sh;
			shellScript = "\"${SRCROOT}/Pods/Target Support Files/Pods-FacifyUITests/Pods-FacifyUITests-frameworks.sh\"\n";
			showEnvVarsInLog = 0;
		};
		F97E16738D12417393D56A3C /* [CP] Embed Pods Frameworks */ = {
			isa = PBXShellScriptBuildPhase;
			buildActionMask = 2147483647;
			files = (
			);
			inputPaths = (
			);
			name = "[CP] Embed Pods Frameworks";
			outputPaths = (
			);
			runOnlyForDeploymentPostprocessing = 0;
			shellPath = /bin/sh;
			shellScript = "\"${SRCROOT}/Pods/Target Support Files/Pods-Facify/Pods-Facify-frameworks.sh\"\n";
			showEnvVarsInLog = 0;
		};
/* End PBXShellScriptBuildPhase section */

/* Begin PBXSourcesBuildPhase section */
		2041324C20614AAB00E0B6E8 /* Sources */ = {
			isa = PBXSourcesBuildPhase;
			buildActionMask = 2147483647;
			files = (
				20C37C06206AA4A900DC113B /* UIColor+Theme.swift in Sources */,
				208B3FB120628F8600D274D8 /* CVWrapper.mm in Sources */,
				2041325620614AAC00E0B6E8 /* ViewController.swift in Sources */,
				2041325420614AAC00E0B6E8 /* AppDelegate.swift in Sources */,
				20C37C0B206B448B00DC113B /* InfoViewController.swift in Sources */,
				208B3FAC206288DE00D274D8 /* CameraView.swift in Sources */,
			);
			runOnlyForDeploymentPostprocessing = 0;
		};
		2041326020614AAC00E0B6E8 /* Sources */ = {
			isa = PBXSourcesBuildPhase;
			buildActionMask = 2147483647;
			files = (
				2041326920614AAC00E0B6E8 /* FacifyTests.swift in Sources */,
			);
			runOnlyForDeploymentPostprocessing = 0;
		};
		2041326B20614AAC00E0B6E8 /* Sources */ = {
			isa = PBXSourcesBuildPhase;
			buildActionMask = 2147483647;
			files = (
				2041327420614AAC00E0B6E8 /* FacifyUITests.swift in Sources */,
			);
			runOnlyForDeploymentPostprocessing = 0;
		};
/* End PBXSourcesBuildPhase section */

/* Begin PBXTargetDependency section */
		2041326620614AAC00E0B6E8 /* PBXTargetDependency */ = {
			isa = PBXTargetDependency;
			target = 2041324F20614AAB00E0B6E8 /* Facify */;
			targetProxy = 2041326520614AAC00E0B6E8 /* PBXContainerItemProxy */;
		};
		2041327120614AAC00E0B6E8 /* PBXTargetDependency */ = {
			isa = PBXTargetDependency;
			target = 2041324F20614AAB00E0B6E8 /* Facify */;
			targetProxy = 2041327020614AAC00E0B6E8 /* PBXContainerItemProxy */;
		};
/* End PBXTargetDependency section */

/* Begin PBXVariantGroup section */
		2041325720614AAC00E0B6E8 /* Main.storyboard */ = {
			isa = PBXVariantGroup;
			children = (
				2041325820614AAC00E0B6E8 /* Base */,
			);
			name = Main.storyboard;
			sourceTree = "<group>";
		};
		2041325C20614AAC00E0B6E8 /* LaunchScreen.storyboard */ = {
			isa = PBXVariantGroup;
			children = (
				2041325D20614AAC00E0B6E8 /* Base */,
			);
			name = LaunchScreen.storyboard;
			sourceTree = "<group>";
		};
/* End PBXVariantGroup section */

/* Begin XCBuildConfiguration section */
		2041327620614AAC00E0B6E8 /* Debug */ = {
			isa = XCBuildConfiguration;
			buildSettings = {
				ALWAYS_SEARCH_USER_PATHS = NO;
				CLANG_ANALYZER_NONNULL = YES;
				CLANG_ANALYZER_NUMBER_OBJECT_CONVERSION = YES_AGGRESSIVE;
				CLANG_CXX_LANGUAGE_STANDARD = "gnu++14";
				CLANG_CXX_LIBRARY = "libc++";
				CLANG_ENABLE_MODULES = YES;
				CLANG_ENABLE_OBJC_ARC = YES;
				CLANG_WARN_BLOCK_CAPTURE_AUTORELEASING = YES;
				CLANG_WARN_BOOL_CONVERSION = YES;
				CLANG_WARN_COMMA = YES;
				CLANG_WARN_CONSTANT_CONVERSION = YES;
				CLANG_WARN_DIRECT_OBJC_ISA_USAGE = YES_ERROR;
				CLANG_WARN_DOCUMENTATION_COMMENTS = YES;
				CLANG_WARN_EMPTY_BODY = YES;
				CLANG_WARN_ENUM_CONVERSION = YES;
				CLANG_WARN_INFINITE_RECURSION = YES;
				CLANG_WARN_INT_CONVERSION = YES;
				CLANG_WARN_NON_LITERAL_NULL_CONVERSION = YES;
				CLANG_WARN_OBJC_LITERAL_CONVERSION = YES;
				CLANG_WARN_OBJC_ROOT_CLASS = YES_ERROR;
				CLANG_WARN_RANGE_LOOP_ANALYSIS = YES;
				CLANG_WARN_STRICT_PROTOTYPES = YES;
				CLANG_WARN_SUSPICIOUS_MOVE = YES;
				CLANG_WARN_UNGUARDED_AVAILABILITY = YES_AGGRESSIVE;
				CLANG_WARN_UNREACHABLE_CODE = YES;
				CLANG_WARN__DUPLICATE_METHOD_MATCH = YES;
				CODE_SIGN_IDENTITY = "iPhone Developer";
				COPY_PHASE_STRIP = NO;
				DEBUG_INFORMATION_FORMAT = dwarf;
				ENABLE_STRICT_OBJC_MSGSEND = YES;
				ENABLE_TESTABILITY = YES;
				GCC_C_LANGUAGE_STANDARD = gnu11;
				GCC_DYNAMIC_NO_PIC = NO;
				GCC_NO_COMMON_BLOCKS = YES;
				GCC_OPTIMIZATION_LEVEL = 0;
				GCC_PREPROCESSOR_DEFINITIONS = (
					"DEBUG=1",
					"$(inherited)",
				);
				GCC_WARN_64_TO_32_BIT_CONVERSION = YES;
				GCC_WARN_ABOUT_RETURN_TYPE = YES_ERROR;
				GCC_WARN_UNDECLARED_SELECTOR = YES;
				GCC_WARN_UNINITIALIZED_AUTOS = YES_AGGRESSIVE;
				GCC_WARN_UNUSED_FUNCTION = YES;
				GCC_WARN_UNUSED_VARIABLE = YES;
				IPHONEOS_DEPLOYMENT_TARGET = 11.2;
				MTL_ENABLE_DEBUG_INFO = YES;
				ONLY_ACTIVE_ARCH = YES;
				SDKROOT = iphoneos;
				SWIFT_ACTIVE_COMPILATION_CONDITIONS = DEBUG;
				SWIFT_OPTIMIZATION_LEVEL = "-Onone";
			};
			name = Debug;
		};
		2041327720614AAC00E0B6E8 /* Release */ = {
			isa = XCBuildConfiguration;
			buildSettings = {
				ALWAYS_SEARCH_USER_PATHS = NO;
				CLANG_ANALYZER_NONNULL = YES;
				CLANG_ANALYZER_NUMBER_OBJECT_CONVERSION = YES_AGGRESSIVE;
				CLANG_CXX_LANGUAGE_STANDARD = "gnu++14";
				CLANG_CXX_LIBRARY = "libc++";
				CLANG_ENABLE_MODULES = YES;
				CLANG_ENABLE_OBJC_ARC = YES;
				CLANG_WARN_BLOCK_CAPTURE_AUTORELEASING = YES;
				CLANG_WARN_BOOL_CONVERSION = YES;
				CLANG_WARN_COMMA = YES;
				CLANG_WARN_CONSTANT_CONVERSION = YES;
				CLANG_WARN_DIRECT_OBJC_ISA_USAGE = YES_ERROR;
				CLANG_WARN_DOCUMENTATION_COMMENTS = YES;
				CLANG_WARN_EMPTY_BODY = YES;
				CLANG_WARN_ENUM_CONVERSION = YES;
				CLANG_WARN_INFINITE_RECURSION = YES;
				CLANG_WARN_INT_CONVERSION = YES;
				CLANG_WARN_NON_LITERAL_NULL_CONVERSION = YES;
				CLANG_WARN_OBJC_LITERAL_CONVERSION = YES;
				CLANG_WARN_OBJC_ROOT_CLASS = YES_ERROR;
				CLANG_WARN_RANGE_LOOP_ANALYSIS = YES;
				CLANG_WARN_STRICT_PROTOTYPES = YES;
				CLANG_WARN_SUSPICIOUS_MOVE = YES;
				CLANG_WARN_UNGUARDED_AVAILABILITY = YES_AGGRESSIVE;
				CLANG_WARN_UNREACHABLE_CODE = YES;
				CLANG_WARN__DUPLICATE_METHOD_MATCH = YES;
				CODE_SIGN_IDENTITY = "iPhone Developer";
				COPY_PHASE_STRIP = NO;
				DEBUG_INFORMATION_FORMAT = "dwarf-with-dsym";
				ENABLE_NS_ASSERTIONS = NO;
				ENABLE_STRICT_OBJC_MSGSEND = YES;
				GCC_C_LANGUAGE_STANDARD = gnu11;
				GCC_NO_COMMON_BLOCKS = YES;
				GCC_WARN_64_TO_32_BIT_CONVERSION = YES;
				GCC_WARN_ABOUT_RETURN_TYPE = YES_ERROR;
				GCC_WARN_UNDECLARED_SELECTOR = YES;
				GCC_WARN_UNINITIALIZED_AUTOS = YES_AGGRESSIVE;
				GCC_WARN_UNUSED_FUNCTION = YES;
				GCC_WARN_UNUSED_VARIABLE = YES;
				IPHONEOS_DEPLOYMENT_TARGET = 11.2;
				MTL_ENABLE_DEBUG_INFO = NO;
				SDKROOT = iphoneos;
				SWIFT_OPTIMIZATION_LEVEL = "-Owholemodule";
				VALIDATE_PRODUCT = YES;
			};
			name = Release;
		};
		2041327920614AAC00E0B6E8 /* Debug */ = {
			isa = XCBuildConfiguration;
			baseConfigurationReference = E029B1849C96B7D8AF15B222 /* Pods-Facify.debug.xcconfig */;
			buildSettings = {
				ASSETCATALOG_COMPILER_APPICON_NAME = AppIcon;
				CLANG_ENABLE_MODULES = YES;
				"CODE_SIGN_IDENTITY[sdk=iphoneos*]" = "iPhone Developer";
				CODE_SIGN_STYLE = Automatic;
				DEVELOPMENT_TEAM = "";
				INFOPLIST_FILE = Facify/Info.plist;
				LD_RUNPATH_SEARCH_PATHS = "$(inherited) @executable_path/Frameworks";
				PRODUCT_BUNDLE_IDENTIFIER = com.bitsparlour.Facify;
				PRODUCT_NAME = "$(TARGET_NAME)";
				PROVISIONING_PROFILE_SPECIFIER = "";
				SWIFT_OBJC_BRIDGING_HEADER = "Facify/Detection/Facify-Bridging-Header.h";
				SWIFT_OPTIMIZATION_LEVEL = "-Onone";
				SWIFT_VERSION = 4.0;
				TARGETED_DEVICE_FAMILY = "1,2";
			};
			name = Debug;
		};
		2041327A20614AAC00E0B6E8 /* Release */ = {
			isa = XCBuildConfiguration;
			baseConfigurationReference = 15DC1878DA7425492009731C /* Pods-Facify.release.xcconfig */;
			buildSettings = {
				ASSETCATALOG_COMPILER_APPICON_NAME = AppIcon;
				CLANG_ENABLE_MODULES = YES;
				"CODE_SIGN_IDENTITY[sdk=iphoneos*]" = "iPhone Developer";
				CODE_SIGN_STYLE = Automatic;
				DEVELOPMENT_TEAM = "";
				INFOPLIST_FILE = Facify/Info.plist;
				LD_RUNPATH_SEARCH_PATHS = "$(inherited) @executable_path/Frameworks";
				PRODUCT_BUNDLE_IDENTIFIER = com.bitsparlour.Facify;
				PRODUCT_NAME = "$(TARGET_NAME)";
				PROVISIONING_PROFILE_SPECIFIER = "";
				SWIFT_OBJC_BRIDGING_HEADER = "Facify/Detection/Facify-Bridging-Header.h";
				SWIFT_VERSION = 4.0;
				TARGETED_DEVICE_FAMILY = "1,2";
			};
			name = Release;
		};
		2041327C20614AAC00E0B6E8 /* Debug */ = {
			isa = XCBuildConfiguration;
			baseConfigurationReference = 66F59D39BB52A336CB969DE9 /* Pods-FacifyTests.debug.xcconfig */;
			buildSettings = {
				ALWAYS_EMBED_SWIFT_STANDARD_LIBRARIES = YES;
				BUNDLE_LOADER = "$(TEST_HOST)";
				CODE_SIGN_STYLE = Automatic;
				INFOPLIST_FILE = FacifyTests/Info.plist;
				LD_RUNPATH_SEARCH_PATHS = "$(inherited) @executable_path/Frameworks @loader_path/Frameworks";
				PRODUCT_BUNDLE_IDENTIFIER = com.bitsparlour.FacifyTests;
				PRODUCT_NAME = "$(TARGET_NAME)";
				SWIFT_VERSION = 4.0;
				TARGETED_DEVICE_FAMILY = "1,2";
				TEST_HOST = "$(BUILT_PRODUCTS_DIR)/Facify.app/Facify";
			};
			name = Debug;
		};
		2041327D20614AAC00E0B6E8 /* Release */ = {
			isa = XCBuildConfiguration;
			baseConfigurationReference = 4C48DD74D35864730D3E1911 /* Pods-FacifyTests.release.xcconfig */;
			buildSettings = {
				ALWAYS_EMBED_SWIFT_STANDARD_LIBRARIES = YES;
				BUNDLE_LOADER = "$(TEST_HOST)";
				CODE_SIGN_STYLE = Automatic;
				INFOPLIST_FILE = FacifyTests/Info.plist;
				LD_RUNPATH_SEARCH_PATHS = "$(inherited) @executable_path/Frameworks @loader_path/Frameworks";
				PRODUCT_BUNDLE_IDENTIFIER = com.bitsparlour.FacifyTests;
				PRODUCT_NAME = "$(TARGET_NAME)";
				SWIFT_VERSION = 4.0;
				TARGETED_DEVICE_FAMILY = "1,2";
				TEST_HOST = "$(BUILT_PRODUCTS_DIR)/Facify.app/Facify";
			};
			name = Release;
		};
		2041327F20614AAC00E0B6E8 /* Debug */ = {
			isa = XCBuildConfiguration;
			baseConfigurationReference = 36064C2F7D1CE1EEF180CF9A /* Pods-FacifyUITests.debug.xcconfig */;
			buildSettings = {
				ALWAYS_EMBED_SWIFT_STANDARD_LIBRARIES = YES;
				CODE_SIGN_STYLE = Automatic;
				INFOPLIST_FILE = FacifyUITests/Info.plist;
				LD_RUNPATH_SEARCH_PATHS = "$(inherited) @executable_path/Frameworks @loader_path/Frameworks";
				PRODUCT_BUNDLE_IDENTIFIER = com.bitsparlour.FacifyUITests;
				PRODUCT_NAME = "$(TARGET_NAME)";
				SWIFT_VERSION = 4.0;
				TARGETED_DEVICE_FAMILY = "1,2";
				TEST_TARGET_NAME = Facify;
			};
			name = Debug;
		};
		2041328020614AAC00E0B6E8 /* Release */ = {
			isa = XCBuildConfiguration;
			baseConfigurationReference = 9D391EC461E1773E08316751 /* Pods-FacifyUITests.release.xcconfig */;
			buildSettings = {
				ALWAYS_EMBED_SWIFT_STANDARD_LIBRARIES = YES;
				CODE_SIGN_STYLE = Automatic;
				INFOPLIST_FILE = FacifyUITests/Info.plist;
				LD_RUNPATH_SEARCH_PATHS = "$(inherited) @executable_path/Frameworks @loader_path/Frameworks";
				PRODUCT_BUNDLE_IDENTIFIER = com.bitsparlour.FacifyUITests;
				PRODUCT_NAME = "$(TARGET_NAME)";
				SWIFT_VERSION = 4.0;
				TARGETED_DEVICE_FAMILY = "1,2";
				TEST_TARGET_NAME = Facify;
			};
			name = Release;
		};
/* End XCBuildConfiguration section */

/* Begin XCConfigurationList section */
		2041324B20614AAB00E0B6E8 /* Build configuration list for PBXProject "Facify" */ = {
			isa = XCConfigurationList;
			buildConfigurations = (
				2041327620614AAC00E0B6E8 /* Debug */,
				2041327720614AAC00E0B6E8 /* Release */,
			);
			defaultConfigurationIsVisible = 0;
			defaultConfigurationName = Release;
		};
		2041327820614AAC00E0B6E8 /* Build configuration list for PBXNativeTarget "Facify" */ = {
			isa = XCConfigurationList;
			buildConfigurations = (
				2041327920614AAC00E0B6E8 /* Debug */,
				2041327A20614AAC00E0B6E8 /* Release */,
			);
			defaultConfigurationIsVisible = 0;
			defaultConfigurationName = Release;
		};
		2041327B20614AAC00E0B6E8 /* Build configuration list for PBXNativeTarget "FacifyTests" */ = {
			isa = XCConfigurationList;
			buildConfigurations = (
				2041327C20614AAC00E0B6E8 /* Debug */,
				2041327D20614AAC00E0B6E8 /* Release */,
			);
			defaultConfigurationIsVisible = 0;
			defaultConfigurationName = Release;
		};
		2041327E20614AAC00E0B6E8 /* Build configuration list for PBXNativeTarget "FacifyUITests" */ = {
			isa = XCConfigurationList;
			buildConfigurations = (
				2041327F20614AAC00E0B6E8 /* Debug */,
				2041328020614AAC00E0B6E8 /* Release */,
			);
			defaultConfigurationIsVisible = 0;
			defaultConfigurationName = Release;
		};
/* End XCConfigurationList section */
	};
	rootObject = 2041324820614AAB00E0B6E8 /* Project object */;
}
