// !$*UTF8*$!
{
	archiveVersion = 1;
	classes = {
	};
	objectVersion = 48;
	objects = {

/* Begin PBXBuildFile section */
		2041325420614AAC00E0B6E8 /* AppDelegate.swift in Sources */ = {isa = PBXBuildFile; fileRef = 2041325320614AAC00E0B6E8 /* AppDelegate.swift */; };
		2041325620614AAC00E0B6E8 /* ViewController.swift in Sources */ = {isa = PBXBuildFile; fileRef = 2041325520614AAC00E0B6E8 /* ViewController.swift */; };
		2041325920614AAC00E0B6E8 /* Main.storyboard in Resources */ = {isa = PBXBuildFile; fileRef = 2041325720614AAC00E0B6E8 /* Main.storyboard */; };
		2041325B20614AAC00E0B6E8 /* Assets.xcassets in Resources */ = {isa = PBXBuildFile; fileRef = 2041325A20614AAC00E0B6E8 /* Assets.xcassets */; };
		2041325E20614AAC00E0B6E8 /* LaunchScreen.storyboard in Resources */ = {isa = PBXBuildFile; fileRef = 2041325C20614AAC00E0B6E8 /* LaunchScreen.storyboard */; };
		2041326920614AAC00E0B6E8 /* FacifyTests.swift in Sources */ = {isa = PBXBuildFile; fileRef = 2041326820614AAC00E0B6E8 /* FacifyTests.swift */; };
		2041327420614AAC00E0B6E8 /* FacifyUITests.swift in Sources */ = {isa = PBXBuildFile; fileRef = 2041327320614AAC00E0B6E8 /* FacifyUITests.swift */; };
/* End PBXBuildFile section */

/* Begin PBXContainerItemProxy section */
		2041326520614AAC00E0B6E8 /* PBXContainerItemProxy */ = {
			isa = PBXContainerItemProxy;
			containerPortal = 2041324820614AAB00E0B6E8 /* Project object */;
			proxyType = 1;
			remoteGlobalIDString = 2041324F20614AAB00E0B6E8;
			remoteInfo = Facify;
		};
		2041327020614AAC00E0B6E8 /* PBXContainerItemProxy */ = {
			isa = PBXContainerItemProxy;
			containerPortal = 2041324820614AAB00E0B6E8 /* Project object */;
			proxyType = 1;
			remoteGlobalIDString = 2041324F20614AAB00E0B6E8;
			remoteInfo = Facify;
		};
/* End PBXContainerItemProxy section */

/* Begin PBXFileReference section */
		2041325020614AAB00E0B6E8 /* Facify.app */ = {isa = PBXFileReference; explicitFileType = wrapper.application; includeInIndex = 0; path = Facify.app; sourceTree = BUILT_PRODUCTS_DIR; };
		2041325320614AAC00E0B6E8 /* AppDelegate.swift */ = {isa = PBXFileReference; lastKnownFileType = sourcecode.swift; path = AppDelegate.swift; sourceTree = "<group>"; };
		2041325520614AAC00E0B6E8 /* ViewController.swift */ = {isa = PBXFileReference; lastKnownFileType = sourcecode.swift; path = ViewController.swift; sourceTree = "<group>"; };
		2041325820614AAC00E0B6E8 /* Base */ = {isa = PBXFileReference; lastKnownFileType = file.storyboard; name = Base; path = Base.lproj/Main.storyboard; sourceTree = "<group>"; };
		2041325A20614AAC00E0B6E8 /* Assets.xcassets */ = {isa = PBXFileReference; lastKnownFileType = folder.assetcatalog; path = Assets.xcassets; sourceTree = "<group>"; };
		2041325D20614AAC00E0B6E8 /* Base */ = {isa = PBXFileReference; lastKnownFileType = file.storyboard; name = Base; path = Base.lproj/LaunchScreen.storyboard; sourceTree = "<group>"; };
		2041325F20614AAC00E0B6E8 /* Info.plist */ = {isa = PBXFileReference; lastKnownFileType = text.plist.xml; path = Info.plist; sourceTree = "<group>"; };
		2041326420614AAC00E0B6E8 /* FacifyTests.xctest */ = {isa = PBXFileReference; explicitFileType = wrapper.cfbundle; includeInIndex = 0; path = FacifyTests.xctest; sourceTree = BUILT_PRODUCTS_DIR; };
		2041326820614AAC00E0B6E8 /* FacifyTests.swift */ = {isa = PBXFileReference; lastKnownFileType = sourcecode.swift; path = FacifyTests.swift; sourceTree = "<group>"; };
		2041326A20614AAC00E0B6E8 /* Info.plist */ = {isa = PBXFileReference; lastKnownFileType = text.plist.xml; path = Info.plist; sourceTree = "<group>"; };
		2041326F20614AAC00E0B6E8 /* FacifyUITests.xctest */ = {isa = PBXFileReference; explicitFileType = wrapper.cfbundle; includeInIndex = 0; path = FacifyUITests.xctest; sourceTree = BUILT_PRODUCTS_DIR; };
		2041327320614AAC00E0B6E8 /* FacifyUITests.swift */ = {isa = PBXFileReference; lastKnownFileType = sourcecode.swift; path = FacifyUITests.swift; sourceTree = "<group>"; };
		2041327520614AAC00E0B6E8 /* Info.plist */ = {isa = PBXFileReference; lastKnownFileType = text.plist.xml; path = Info.plist; sourceTree = "<group>"; };
/* End PBXFileReference section */

/* Begin PBXFrameworksBuildPhase section */
		2041324D20614AAB00E0B6E8 /* Frameworks */ = {
			isa = PBXFrameworksBuildPhase;
			buildActionMask = 2147483647;
			files = (
			);
			runOnlyForDeploymentPostprocessing = 0;
		};
		2041326120614AAC00E0B6E8 /* Frameworks */ = {
			isa = PBXFrameworksBuildPhase;
			buildActionMask = 2147483647;
			files = (
			);
			runOnlyForDeploymentPostprocessing = 0;
		};
		2041326C20614AAC00E0B6E8 /* Frameworks */ = {
			isa = PBXFrameworksBuildPhase;
			buildActionMask = 2147483647;
			files = (
			);
			runOnlyForDeploymentPostprocessing = 0;
		};
/* End PBXFrameworksBuildPhase section */

/* Begin PBXGroup section */
		2041324720614AAB00E0B6E8 = {
			isa = PBXGroup;
			children = (
				2041325220614AAB00E0B6E8 /* Facify */,
				2041326720614AAC00E0B6E8 /* FacifyTests */,
				2041327220614AAC00E0B6E8 /* FacifyUITests */,
				2041325120614AAB00E0B6E8 /* Products */,
			);
			sourceTree = "<group>";
		};
		2041325120614AAB00E0B6E8 /* Products */ = {
			isa = PBXGroup;
			children = (
				2041325020614AAB00E0B6E8 /* Facify.app */,
				2041326420614AAC00E0B6E8 /* FacifyTests.xctest */,
				2041326F20614AAC00E0B6E8 /* FacifyUITests.xctest */,
			);
			name = Products;
			sourceTree = "<group>";
		};
		2041325220614AAB00E0B6E8 /* Facify */ = {
			isa = PBXGroup;
			children = (
				2041325320614AAC00E0B6E8 /* AppDelegate.swift */,
				2041325520614AAC00E0B6E8 /* ViewController.swift */,
				2041325720614AAC00E0B6E8 /* Main.storyboard */,
				2041325A20614AAC00E0B6E8 /* Assets.xcassets */,
				2041325C20614AAC00E0B6E8 /* LaunchScreen.storyboard */,
				2041325F20614AAC00E0B6E8 /* Info.plist */,
			);
			path = Facify;
			sourceTree = "<group>";
		};
		2041326720614AAC00E0B6E8 /* FacifyTests */ = {
			isa = PBXGroup;
			children = (
				2041326820614AAC00E0B6E8 /* FacifyTests.swift */,
				2041326A20614AAC00E0B6E8 /* Info.plist */,
			);
			path = FacifyTests;
			sourceTree = "<group>";
		};
		2041327220614AAC00E0B6E8 /* FacifyUITests */ = {
			isa = PBXGroup;
			children = (
				2041327320614AAC00E0B6E8 /* FacifyUITests.swift */,
				2041327520614AAC00E0B6E8 /* Info.plist */,
			);
			path = FacifyUITests;
			sourceTree = "<group>";
		};
/* End PBXGroup section */

/* Begin PBXNativeTarget section */
		2041324F20614AAB00E0B6E8 /* Facify */ = {
			isa = PBXNativeTarget;
			buildConfigurationList = 2041327820614AAC00E0B6E8 /* Build configuration list for PBXNativeTarget "Facify" */;
			buildPhases = (
				2041324C20614AAB00E0B6E8 /* Sources */,
				2041324D20614AAB00E0B6E8 /* Frameworks */,
				2041324E20614AAB00E0B6E8 /* Resources */,
			);
			buildRules = (
			);
			dependencies = (
			);
			name = Facify;
			productName = Facify;
			productReference = 2041325020614AAB00E0B6E8 /* Facify.app */;
			productType = "com.apple.product-type.application";
		};
		2041326320614AAC00E0B6E8 /* FacifyTests */ = {
			isa = PBXNativeTarget;
			buildConfigurationList = 2041327B20614AAC00E0B6E8 /* Build configuration list for PBXNativeTarget "FacifyTests" */;
			buildPhases = (
				2041326020614AAC00E0B6E8 /* Sources */,
				2041326120614AAC00E0B6E8 /* Frameworks */,
				2041326220614AAC00E0B6E8 /* Resources */,
			);
			buildRules = (
			);
			dependencies = (
				2041326620614AAC00E0B6E8 /* PBXTargetDependency */,
			);
			name = FacifyTests;
			productName = FacifyTests;
			productReference = 2041326420614AAC00E0B6E8 /* FacifyTests.xctest */;
			productType = "com.apple.product-type.bundle.unit-test";
		};
		2041326E20614AAC00E0B6E8 /* FacifyUITests */ = {
			isa = PBXNativeTarget;
			buildConfigurationList = 2041327E20614AAC00E0B6E8 /* Build configuration list for PBXNativeTarget "FacifyUITests" */;
			buildPhases = (
				2041326B20614AAC00E0B6E8 /* Sources */,
				2041326C20614AAC00E0B6E8 /* Frameworks */,
				2041326D20614AAC00E0B6E8 /* Resources */,
			);
			buildRules = (
			);
			dependencies = (
				2041327120614AAC00E0B6E8 /* PBXTargetDependency */,
			);
			name = FacifyUITests;
			productName = FacifyUITests;
			productReference = 2041326F20614AAC00E0B6E8 /* FacifyUITests.xctest */;
			productType = "com.apple.product-type.bundle.ui-testing";
		};
/* End PBXNativeTarget section */

/* Begin PBXProject section */
		2041324820614AAB00E0B6E8 /* Project object */ = {
			isa = PBXProject;
			attributes = {
				LastSwiftUpdateCheck = 0920;
				LastUpgradeCheck = 0920;
				ORGANIZATIONNAME = Khurram;
				TargetAttributes = {
					2041324F20614AAB00E0B6E8 = {
						CreatedOnToolsVersion = 9.2;
						ProvisioningStyle = Automatic;
					};
					2041326320614AAC00E0B6E8 = {
						CreatedOnToolsVersion = 9.2;
						ProvisioningStyle = Automatic;
						TestTargetID = 2041324F20614AAB00E0B6E8;
					};
					2041326E20614AAC00E0B6E8 = {
						CreatedOnToolsVersion = 9.2;
						ProvisioningStyle = Automatic;
						TestTargetID = 2041324F20614AAB00E0B6E8;
					};
				};
			};
			buildConfigurationList = 2041324B20614AAB00E0B6E8 /* Build configuration list for PBXProject "Facify" */;
			compatibilityVersion = "Xcode 8.0";
			developmentRegion = en;
			hasScannedForEncodings = 0;
			knownRegions = (
				en,
				Base,
			);
			mainGroup = 2041324720614AAB00E0B6E8;
			productRefGroup = 2041325120614AAB00E0B6E8 /* Products */;
			projectDirPath = "";
			projectRoot = "";
			targets = (
				2041324F20614AAB00E0B6E8 /* Facify */,
				2041326320614AAC00E0B6E8 /* FacifyTests */,
				2041326E20614AAC00E0B6E8 /* FacifyUITests */,
			);
		};
/* End PBXProject section */

/* Begin PBXResourcesBuildPhase section */
		2041324E20614AAB00E0B6E8 /* Resources */ = {
			isa = PBXResourcesBuildPhase;
			buildActionMask = 2147483647;
			files = (
				2041325E20614AAC00E0B6E8 /* LaunchScreen.storyboard in Resources */,
				2041325B20614AAC00E0B6E8 /* Assets.xcassets in Resources */,
				2041325920614AAC00E0B6E8 /* Main.storyboard in Resources */,
			);
			runOnlyForDeploymentPostprocessing = 0;
		};
		2041326220614AAC00E0B6E8 /* Resources */ = {
			isa = PBXResourcesBuildPhase;
			buildActionMask = 2147483647;
			files = (
			);
			runOnlyForDeploymentPostprocessing = 0;
		};
		2041326D20614AAC00E0B6E8 /* Resources */ = {
			isa = PBXResourcesBuildPhase;
			buildActionMask = 2147483647;
			files = (
			);
			runOnlyForDeploymentPostprocessing = 0;
		};
/* End PBXResourcesBuildPhase section */

/* Begin PBXSourcesBuildPhase section */
		2041324C20614AAB00E0B6E8 /* Sources */ = {
			isa = PBXSourcesBuildPhase;
			buildActionMask = 2147483647;
			files = (
				2041325620614AAC00E0B6E8 /* ViewController.swift in Sources */,
				2041325420614AAC00E0B6E8 /* AppDelegate.swift in Sources */,
			);
			runOnlyForDeploymentPostprocessing = 0;
		};
		2041326020614AAC00E0B6E8 /* Sources */ = {
			isa = PBXSourcesBuildPhase;
			buildActionMask = 2147483647;
			files = (
				2041326920614AAC00E0B6E8 /* FacifyTests.swift in Sources */,
			);
			runOnlyForDeploymentPostprocessing = 0;
		};
		2041326B20614AAC00E0B6E8 /* Sources */ = {
			isa = PBXSourcesBuildPhase;
			buildActionMask = 2147483647;
			files = (
				2041327420614AAC00E0B6E8 /* FacifyUITests.swift in Sources */,
			);
			runOnlyForDeploymentPostprocessing = 0;
		};
/* End PBXSourcesBuildPhase section */

/* Begin PBXTargetDependency section */
		2041326620614AAC00E0B6E8 /* PBXTargetDependency */ = {
			isa = PBXTargetDependency;
			target = 2041324F20614AAB00E0B6E8 /* Facify */;
			targetProxy = 2041326520614AAC00E0B6E8 /* PBXContainerItemProxy */;
		};
		2041327120614AAC00E0B6E8 /* PBXTargetDependency */ = {
			isa = PBXTargetDependency;
			target = 2041324F20614AAB00E0B6E8 /* Facify */;
			targetProxy = 2041327020614AAC00E0B6E8 /* PBXContainerItemProxy */;
		};
/* End PBXTargetDependency section */

/* Begin PBXVariantGroup section */
		2041325720614AAC00E0B6E8 /* Main.storyboard */ = {
			isa = PBXVariantGroup;
			children = (
				2041325820614AAC00E0B6E8 /* Base */,
			);
			name = Main.storyboard;
			sourceTree = "<group>";
		};
		2041325C20614AAC00E0B6E8 /* LaunchScreen.storyboard */ = {
			isa = PBXVariantGroup;
			children = (
				2041325D20614AAC00E0B6E8 /* Base */,
			);
			name = LaunchScreen.storyboard;
			sourceTree = "<group>";
		};
/* End PBXVariantGroup section */

/* Begin XCBuildConfiguration section */
		2041327620614AAC00E0B6E8 /* Debug */ = {
			isa = XCBuildConfiguration;
			buildSettings = {
				ALWAYS_SEARCH_USER_PATHS = NO;
				CLANG_ANALYZER_NONNULL = YES;
				CLANG_ANALYZER_NUMBER_OBJECT_CONVERSION = YES_AGGRESSIVE;
				CLANG_CXX_LANGUAGE_STANDARD = "gnu++14";
				CLANG_CXX_LIBRARY = "libc++";
				CLANG_ENABLE_MODULES = YES;
				CLANG_ENABLE_OBJC_ARC = YES;
				CLANG_WARN_BLOCK_CAPTURE_AUTORELEASING = YES;
				CLANG_WARN_BOOL_CONVERSION = YES;
				CLANG_WARN_COMMA = YES;
				CLANG_WARN_CONSTANT_CONVERSION = YES;
				CLANG_WARN_DIRECT_OBJC_ISA_USAGE = YES_ERROR;
				CLANG_WARN_DOCUMENTATION_COMMENTS = YES;
				CLANG_WARN_EMPTY_BODY = YES;
				CLANG_WARN_ENUM_CONVERSION = YES;
				CLANG_WARN_INFINITE_RECURSION = YES;
				CLANG_WARN_INT_CONVERSION = YES;
				CLANG_WARN_NON_LITERAL_NULL_CONVERSION = YES;
				CLANG_WARN_OBJC_LITERAL_CONVERSION = YES;
				CLANG_WARN_OBJC_ROOT_CLASS = YES_ERROR;
				CLANG_WARN_RANGE_LOOP_ANALYSIS = YES;
				CLANG_WARN_STRICT_PROTOTYPES = YES;
				CLANG_WARN_SUSPICIOUS_MOVE = YES;
				CLANG_WARN_UNGUARDED_AVAILABILITY = YES_AGGRESSIVE;
				CLANG_WARN_UNREACHABLE_CODE = YES;
				CLANG_WARN__DUPLICATE_METHOD_MATCH = YES;
				CODE_SIGN_IDENTITY = "iPhone Developer";
				COPY_PHASE_STRIP = NO;
				DEBUG_INFORMATION_FORMAT = dwarf;
				ENABLE_STRICT_OBJC_MSGSEND = YES;
				ENABLE_TESTABILITY = YES;
				GCC_C_LANGUAGE_STANDARD = gnu11;
				GCC_DYNAMIC_NO_PIC = NO;
				GCC_NO_COMMON_BLOCKS = YES;
				GCC_OPTIMIZATION_LEVEL = 0;
				GCC_PREPROCESSOR_DEFINITIONS = (
					"DEBUG=1",
					"$(inherited)",
				);
				GCC_WARN_64_TO_32_BIT_CONVERSION = YES;
				GCC_WARN_ABOUT_RETURN_TYPE = YES_ERROR;
				GCC_WARN_UNDECLARED_SELECTOR = YES;
				GCC_WARN_UNINITIALIZED_AUTOS = YES_AGGRESSIVE;
				GCC_WARN_UNUSED_FUNCTION = YES;
				GCC_WARN_UNUSED_VARIABLE = YES;
				IPHONEOS_DEPLOYMENT_TARGET = 11.2;
				MTL_ENABLE_DEBUG_INFO = YES;
				ONLY_ACTIVE_ARCH = YES;
				SDKROOT = iphoneos;
				SWIFT_ACTIVE_COMPILATION_CONDITIONS = DEBUG;
				SWIFT_OPTIMIZATION_LEVEL = "-Onone";
			};
			name = Debug;
		};
		2041327720614AAC00E0B6E8 /* Release */ = {
			isa = XCBuildConfiguration;
			buildSettings = {
				ALWAYS_SEARCH_USER_PATHS = NO;
				CLANG_ANALYZER_NONNULL = YES;
				CLANG_ANALYZER_NUMBER_OBJECT_CONVERSION = YES_AGGRESSIVE;
				CLANG_CXX_LANGUAGE_STANDARD = "gnu++14";
				CLANG_CXX_LIBRARY = "libc++";
				CLANG_ENABLE_MODULES = YES;
				CLANG_ENABLE_OBJC_ARC = YES;
				CLANG_WARN_BLOCK_CAPTURE_AUTORELEASING = YES;
				CLANG_WARN_BOOL_CONVERSION = YES;
				CLANG_WARN_COMMA = YES;
				CLANG_WARN_CONSTANT_CONVERSION = YES;
				CLANG_WARN_DIRECT_OBJC_ISA_USAGE = YES_ERROR;
				CLANG_WARN_DOCUMENTATION_COMMENTS = YES;
				CLANG_WARN_EMPTY_BODY = YES;
				CLANG_WARN_ENUM_CONVERSION = YES;
				CLANG_WARN_INFINITE_RECURSION = YES;
				CLANG_WARN_INT_CONVERSION = YES;
				CLANG_WARN_NON_LITERAL_NULL_CONVERSION = YES;
				CLANG_WARN_OBJC_LITERAL_CONVERSION = YES;
				CLANG_WARN_OBJC_ROOT_CLASS = YES_ERROR;
				CLANG_WARN_RANGE_LOOP_ANALYSIS = YES;
				CLANG_WARN_STRICT_PROTOTYPES = YES;
				CLANG_WARN_SUSPICIOUS_MOVE = YES;
				CLANG_WARN_UNGUARDED_AVAILABILITY = YES_AGGRESSIVE;
				CLANG_WARN_UNREACHABLE_CODE = YES;
				CLANG_WARN__DUPLICATE_METHOD_MATCH = YES;
				CODE_SIGN_IDENTITY = "iPhone Developer";
				COPY_PHASE_STRIP = NO;
				DEBUG_INFORMATION_FORMAT = "dwarf-with-dsym";
				ENABLE_NS_ASSERTIONS = NO;
				ENABLE_STRICT_OBJC_MSGSEND = YES;
				GCC_C_LANGUAGE_STANDARD = gnu11;
				GCC_NO_COMMON_BLOCKS = YES;
				GCC_WARN_64_TO_32_BIT_CONVERSION = YES;
				GCC_WARN_ABOUT_RETURN_TYPE = YES_ERROR;
				GCC_WARN_UNDECLARED_SELECTOR = YES;
				GCC_WARN_UNINITIALIZED_AUTOS = YES_AGGRESSIVE;
				GCC_WARN_UNUSED_FUNCTION = YES;
				GCC_WARN_UNUSED_VARIABLE = YES;
				IPHONEOS_DEPLOYMENT_TARGET = 11.2;
				MTL_ENABLE_DEBUG_INFO = NO;
				SDKROOT = iphoneos;
				SWIFT_OPTIMIZATION_LEVEL = "-Owholemodule";
				VALIDATE_PRODUCT = YES;
			};
			name = Release;
		};
		2041327920614AAC00E0B6E8 /* Debug */ = {
			isa = XCBuildConfiguration;
			buildSettings = {
				ASSETCATALOG_COMPILER_APPICON_NAME = AppIcon;
				CODE_SIGN_STYLE = Automatic;
				INFOPLIST_FILE = Facify/Info.plist;
				LD_RUNPATH_SEARCH_PATHS = "$(inherited) @executable_path/Frameworks";
				PRODUCT_BUNDLE_IDENTIFIER = com.bitsparlour.Facify;
				PRODUCT_NAME = "$(TARGET_NAME)";
				SWIFT_VERSION = 4.0;
				TARGETED_DEVICE_FAMILY = "1,2";
			};
			name = Debug;
		};
		2041327A20614AAC00E0B6E8 /* Release */ = {
			isa = XCBuildConfiguration;
			buildSettings = {
				ASSETCATALOG_COMPILER_APPICON_NAME = AppIcon;
				CODE_SIGN_STYLE = Automatic;
				INFOPLIST_FILE = Facify/Info.plist;
				LD_RUNPATH_SEARCH_PATHS = "$(inherited) @executable_path/Frameworks";
				PRODUCT_BUNDLE_IDENTIFIER = com.bitsparlour.Facify;
				PRODUCT_NAME = "$(TARGET_NAME)";
				SWIFT_VERSION = 4.0;
				TARGETED_DEVICE_FAMILY = "1,2";
			};
			name = Release;
		};
		2041327C20614AAC00E0B6E8 /* Debug */ = {
			isa = XCBuildConfiguration;
			buildSettings = {
				ALWAYS_EMBED_SWIFT_STANDARD_LIBRARIES = YES;
				BUNDLE_LOADER = "$(TEST_HOST)";
				CODE_SIGN_STYLE = Automatic;
				INFOPLIST_FILE = FacifyTests/Info.plist;
				LD_RUNPATH_SEARCH_PATHS = "$(inherited) @executable_path/Frameworks @loader_path/Frameworks";
				PRODUCT_BUNDLE_IDENTIFIER = com.bitsparlour.FacifyTests;
				PRODUCT_NAME = "$(TARGET_NAME)";
				SWIFT_VERSION = 4.0;
				TARGETED_DEVICE_FAMILY = "1,2";
				TEST_HOST = "$(BUILT_PRODUCTS_DIR)/Facify.app/Facify";
			};
			name = Debug;
		};
		2041327D20614AAC00E0B6E8 /* Release */ = {
			isa = XCBuildConfiguration;
			buildSettings = {
				ALWAYS_EMBED_SWIFT_STANDARD_LIBRARIES = YES;
				BUNDLE_LOADER = "$(TEST_HOST)";
				CODE_SIGN_STYLE = Automatic;
				INFOPLIST_FILE = FacifyTests/Info.plist;
				LD_RUNPATH_SEARCH_PATHS = "$(inherited) @executable_path/Frameworks @loader_path/Frameworks";
				PRODUCT_BUNDLE_IDENTIFIER = com.bitsparlour.FacifyTests;
				PRODUCT_NAME = "$(TARGET_NAME)";
				SWIFT_VERSION = 4.0;
				TARGETED_DEVICE_FAMILY = "1,2";
				TEST_HOST = "$(BUILT_PRODUCTS_DIR)/Facify.app/Facify";
			};
			name = Release;
		};
		2041327F20614AAC00E0B6E8 /* Debug */ = {
			isa = XCBuildConfiguration;
			buildSettings = {
				ALWAYS_EMBED_SWIFT_STANDARD_LIBRARIES = YES;
				CODE_SIGN_STYLE = Automatic;
				INFOPLIST_FILE = FacifyUITests/Info.plist;
				LD_RUNPATH_SEARCH_PATHS = "$(inherited) @executable_path/Frameworks @loader_path/Frameworks";
				PRODUCT_BUNDLE_IDENTIFIER = com.bitsparlour.FacifyUITests;
				PRODUCT_NAME = "$(TARGET_NAME)";
				SWIFT_VERSION = 4.0;
				TARGETED_DEVICE_FAMILY = "1,2";
				TEST_TARGET_NAME = Facify;
			};
			name = Debug;
		};
		2041328020614AAC00E0B6E8 /* Release */ = {
			isa = XCBuildConfiguration;
			buildSettings = {
				ALWAYS_EMBED_SWIFT_STANDARD_LIBRARIES = YES;
				CODE_SIGN_STYLE = Automatic;
				INFOPLIST_FILE = FacifyUITests/Info.plist;
				LD_RUNPATH_SEARCH_PATHS = "$(inherited) @executable_path/Frameworks @loader_path/Frameworks";
				PRODUCT_BUNDLE_IDENTIFIER = com.bitsparlour.FacifyUITests;
				PRODUCT_NAME = "$(TARGET_NAME)";
				SWIFT_VERSION = 4.0;
				TARGETED_DEVICE_FAMILY = "1,2";
				TEST_TARGET_NAME = Facify;
			};
			name = Release;
		};
/* End XCBuildConfiguration section */

/* Begin XCConfigurationList section */
		2041324B20614AAB00E0B6E8 /* Build configuration list for PBXProject "Facify" */ = {
			isa = XCConfigurationList;
			buildConfigurations = (
				2041327620614AAC00E0B6E8 /* Debug */,
				2041327720614AAC00E0B6E8 /* Release */,
			);
			defaultConfigurationIsVisible = 0;
			defaultConfigurationName = Release;
		};
		2041327820614AAC00E0B6E8 /* Build configuration list for PBXNativeTarget "Facify" */ = {
			isa = XCConfigurationList;
			buildConfigurations = (
				2041327920614AAC00E0B6E8 /* Debug */,
				2041327A20614AAC00E0B6E8 /* Release */,
			);
			defaultConfigurationIsVisible = 0;
			defaultConfigurationName = Release;
		};
		2041327B20614AAC00E0B6E8 /* Build configuration list for PBXNativeTarget "FacifyTests" */ = {
			isa = XCConfigurationList;
			buildConfigurations = (
				2041327C20614AAC00E0B6E8 /* Debug */,
				2041327D20614AAC00E0B6E8 /* Release */,
			);
			defaultConfigurationIsVisible = 0;
			defaultConfigurationName = Release;
		};
		2041327E20614AAC00E0B6E8 /* Build configuration list for PBXNativeTarget "FacifyUITests" */ = {
			isa = XCConfigurationList;
			buildConfigurations = (
				2041327F20614AAC00E0B6E8 /* Debug */,
				2041328020614AAC00E0B6E8 /* Release */,
			);
			defaultConfigurationIsVisible = 0;
			defaultConfigurationName = Release;
		};
/* End XCConfigurationList section */
	};
	rootObject = 2041324820614AAB00E0B6E8 /* Project object */;
}
